<?xml version="1.0" encoding="utf-8"?>
<Project ToolsVersion="4.0" xmlns="http://schemas.microsoft.com/developer/msbuild/2003">
  <ItemGroup>
    <Filter Include="Ressourcendateien">
      <UniqueIdentifier>{67DA6AB6-F800-4c08-8B7A-83BB121AAD01}</UniqueIdentifier>
      <Extensions>rc;ico;cur;bmp;dlg;rc2;rct;bin;rgs;gif;jpg;jpeg;jpe;resx;tiff;tif;png;wav;mfcribbon-ms</Extensions>
    </Filter>
    <Filter Include="Files">
      <UniqueIdentifier>{4FC737F1-C7A5-4376-A066-2A32D752A2FF}</UniqueIdentifier>
      <Extensions>cpp;c;cc;cxx;c++;cppm;ixx;def;odl;idl;hpj;bat;asm;asmx</Extensions>
    </Filter>
    <Filter Include="Files\Includings">
      <UniqueIdentifier>{f32bc1b2-5b7e-4f0e-8915-3da0314ec885}</UniqueIdentifier>
    </Filter>
    <Filter Include="Files\SDK">
      <UniqueIdentifier>{55ad5716-078e-42a7-9e5d-b9e80e4308c4}</UniqueIdentifier>
    </Filter>
    <Filter Include="Files\SDK\Interfaces">
      <UniqueIdentifier>{ba8986ad-6ee7-41c3-ac19-3d22df20d0c0}</UniqueIdentifier>
    </Filter>
    <Filter Include="Files\SDK\Interfaces\GameSession">
      <UniqueIdentifier>{06e4abcb-e874-45f1-9e83-928e1f841224}</UniqueIdentifier>
    </Filter>
    <Filter Include="Files\Cheat">
      <UniqueIdentifier>{ba33cc29-2729-4215-93b6-a2c9b6de4634}</UniqueIdentifier>
    </Filter>
    <Filter Include="Files\Cheat\Features">
      <UniqueIdentifier>{d817e04c-b7de-44e2-818b-18d85beff215}</UniqueIdentifier>
    </Filter>
    <Filter Include="Files\Memory">
      <UniqueIdentifier>{0836c196-c09f-4a98-85d2-9be6a819513c}</UniqueIdentifier>
    </Filter>
    <Filter Include="Files\Memory\Process">
      <UniqueIdentifier>{cf2814bc-a9cd-4e88-a805-c9a0933d30a0}</UniqueIdentifier>
    </Filter>
    <Filter Include="Files\Memory\Image">
      <UniqueIdentifier>{5889aca9-d9f7-4318-bfbc-4503042e8904}</UniqueIdentifier>
    </Filter>
  </ItemGroup>
  <ItemGroup>
    <ClCompile Include="main.cpp">
      <Filter>Files</Filter>
    </ClCompile>
    <ClCompile Include="process.cpp">
      <Filter>Files\Memory\Process</Filter>
    </ClCompile>
    <ClCompile Include="IGameSession.cpp">
      <Filter>Files\SDK\Interfaces\GameSession</Filter>
    </ClCompile>
    <ClCompile Include="cheat.cpp">
      <Filter>Files\Cheat</Filter>
    </ClCompile>
    <ClCompile Include="image_x86.cpp">
      <Filter>Files\Memory\Image</Filter>
    </ClCompile>
  </ItemGroup>
  <ItemGroup>
    <ClInclude Include="process.hpp">
      <Filter>Files\Memory\Process</Filter>
    </ClInclude>
    <ClInclude Include="offsets.hpp">
      <Filter>Files\Includings</Filter>
    </ClInclude>
    <ClInclude Include="structs.hpp">
      <Filter>Files\Includings</Filter>
    </ClInclude>
    <ClInclude Include="interfaces.hpp">
      <Filter>Files\SDK</Filter>
    </ClInclude>
    <ClInclude Include="IGameSession.hpp">
      <Filter>Files\SDK\Interfaces\GameSession</Filter>
    </ClInclude>
    <ClInclude Include="feature.hpp">
      <Filter>Files\Cheat\Features</Filter>
    </ClInclude>
    <ClInclude Include="ft_ammo_patch.hpp">
      <Filter>Files\Cheat\Features</Filter>
    </ClInclude>
    <ClInclude Include="cheat.hpp">
      <Filter>Files\Cheat</Filter>
    </ClInclude>
    <ClInclude Include="utils.hpp">
      <Filter>Files\Includings</Filter>
    </ClInclude>
    <ClInclude Include="ft_score_patch.hpp">
      <Filter>Files\Cheat\Features</Filter>
    </ClInclude>
    <ClInclude Include="ft_time_adder.hpp">
      <Filter>Files\Cheat\Features</Filter>
    </ClInclude>
    <ClInclude Include="image_x86.hpp">
      <Filter>Files\Memory\Image</Filter>
    </ClInclude>
    <ClInclude Include="custom_data_types.hpp">
      <Filter>Files\Includings</Filter>
    </ClInclude>
  </ItemGroup>
</Project>