<?xml version="1.0" encoding="utf-8"?>
<Project ToolsVersion="4.0" xmlns="http://schemas.microsoft.com/developer/msbuild/2003">
  <ItemGroup>
    <Filter Include="Ressourcendateien">
      <UniqueIdentifier>{67DA6AB6-F800-4c08-8B7A-83BB121AAD01}</UniqueIdentifier>
      <Extensions>rc;ico;cur;bmp;dlg;rc2;rct;bin;rgs;gif;jpg;jpeg;jpe;resx;tiff;tif;png;wav;mfcribbon-ms</Extensions>
    </Filter>
    <Filter Include="Files">
      <UniqueIdentifier>{4FC737F1-C7A5-4376-A066-2A32D752A2FF}</UniqueIdentifier>
      <Extensions>cpp;c;cc;cxx;c++;cppm;ixx;def;odl;idl;hpj;bat;asm;asmx</Extensions>
    </Filter>
    <Filter Include="Files\Process">
      <UniqueIdentifier>{cf2814bc-a9cd-4e88-a805-c9a0933d30a0}</UniqueIdentifier>
    </Filter>
    <Filter Include="Files\Includings">
      <UniqueIdentifier>{f32bc1b2-5b7e-4f0e-8915-3da0314ec885}</UniqueIdentifier>
    </Filter>
    <Filter Include="Files\SDK">
      <UniqueIdentifier>{55ad5716-078e-42a7-9e5d-b9e80e4308c4}</UniqueIdentifier>
    </Filter>
  </ItemGroup>
  <ItemGroup>
    <ClCompile Include="main.cpp">
      <Filter>Files</Filter>
    </ClCompile>
    <ClCompile Include="process.cpp">
      <Filter>Files\Process</Filter>
    </ClCompile>
  </ItemGroup>
  <ItemGroup>
    <ClInclude Include="process.hpp">
      <Filter>Files\Process</Filter>
    </ClInclude>
    <ClInclude Include="IGameSession.hpp">
      <Filter>Files\SDK</Filter>
    </ClInclude>
    <ClInclude Include="offsets.hpp">
      <Filter>Files\Includings</Filter>
    </ClInclude>
    <ClInclude Include="structs.hpp">
      <Filter>Files\Includings</Filter>
    </ClInclude>
  </ItemGroup>
</Project>